
Microsoft Visual Studio Solution File, Format Version 12.00
# Visual Studio Version 17
VisualStudioVersion = 17.8.0.0
MinimumVisualStudioVersion = 10.0.40219.1
Project("{FAE04EC0-301F-11D3-BF4B-00C04F79EFBC}") = "NewsCMS.Domain", "src\NewsCMS.Domain\NewsCMS.Domain.csproj", "{11111111-1111-1111-1111-111111111111}"
EndProject
Project("{FAE04EC0-301F-11D3-BF4B-00C04F79EFBC}") = "NewsCMS.Application", "src\NewsCMS.Application\NewsCMS.Application.csproj", "{22222222-2222-2222-2222-222222222222}"
EndProject
Project("{FAE04EC0-301F-11D3-BF4B-00C04F79EFBC}") = "NewsCMS.Infrastructure", "src\NewsCMS.Infrastructure\NewsCMS.Infrastructure.csproj", "{33333333-3333-3333-3333-333333333333}"
EndProject
Project("{FAE04EC0-301F-11D3-BF4B-00C04F79EFBC}") = "NewsCMS.Shared", "src\NewsCMS.Shared\NewsCMS.Shared.csproj", "{44444444-4444-4444-4444-444444444444}"
EndProject
Project("{FAE04EC0-301F-11D3-BF4B-00C04F79EFBC}") = "NewsCMS.Web", "src\NewsCMS.Web\NewsCMS.Web.csproj", "{55555555-5555-5555-5555-555555555555}"
EndProject
Project("{FAE04EC0-301F-11D3-BF4B-00C04F79EFBC}") = "NewsCMS.Theme.Default", "src\NewsCMS.Theme.Default\NewsCMS.Theme.Default.csproj", "{66666666-6666-6666-6666-666666666666}"
EndProject
Project("{2150E333-8FDC-42A3-9474-1A3956D46DE8}") = "src", "src", "{827E0CD3-B72D-47B6-A68D-7590B98EB39B}"
EndProject
Project("{FAE04EC0-301F-11D3-BF4B-00C04F79EFBC}") = "NewsCMS.Theme.HaiLuuNguoc", "src\NewsCMS.Theme.HaiLuuNguoc\NewsCMS.Theme.HaiLuuNguoc.csproj", "{95258BA7-2EEF-4082-A053-E7C54954385E}"
EndProject
Project("{FAE04EC0-301F-11D3-BF4B-00C04F79EFBC}") = "NewsCMS.Theme.PhuPhucYaka", "src\NewsCMS.Theme.PhuPhucYaka\NewsCMS.Theme.PhuPhucYaka.csproj", "{D7E03C34-3203-4CE2-A5A7-E8096CC8D7A8}"
EndProject
Project("{2150E333-8FDC-42A3-9474-1A3956D46DE8}") = "tests", "tests", "{0AB3BF05-4346-4AA6-1389-037BE0695223}"
EndProject
Project("{FAE04EC0-301F-11D3-BF4B-00C04F79EFBC}") = "NewsCMS.Tests", "tests\NewsCMS.Tests\NewsCMS.Tests.csproj", "{BF1CA412-6783-4E0B-9836-7FB74E786FFE}"
EndProject
Project("{FAE04EC0-301F-11D3-BF4B-00C04F79EFBC}") = "NewsCMS.Theme.KeoBia2026", "src\NewsCMS.Theme.KeoBia2026\NewsCMS.Theme.KeoBia2026.csproj", "{3F9F84BC-0897-4483-9E9E-92C2AE02684E}"
EndProject
Project("{FAE04EC0-301F-11D3-BF4B-00C04F79EFBC}") = "NewsCMS.Theme.Universal", "src\NewsCMS.Theme.Universal\NewsCMS.Theme.Universal.csproj", "{F7954392-C33A-4872-AAC0-C9B00863B345}"
EndProject
Global
	GlobalSection(SolutionConfigurationPlatforms) = preSolution
		Debug|Any CPU = Debug|Any CPU
		Debug|x64 = Debug|x64
		Debug|x86 = Debug|x86
		Release|Any CPU = Release|Any CPU
		Release|x64 = Release|x64
		Release|x86 = Release|x86
	EndGlobalSection
	GlobalSection(ProjectConfigurationPlatforms) = postSolution
		{11111111-1111-1111-1111-111111111111}.Debug|Any CPU.ActiveCfg = Debug|Any CPU
		{11111111-1111-1111-1111-111111111111}.Debug|Any CPU.Build.0 = Debug|Any CPU
		{11111111-1111-1111-1111-111111111111}.Debug|x64.ActiveCfg = Debug|Any CPU
		{11111111-1111-1111-1111-111111111111}.Debug|x64.Build.0 = Debug|Any CPU
		{11111111-1111-1111-1111-111111111111}.Debug|x86.ActiveCfg = Debug|Any CPU
		{11111111-1111-1111-1111-111111111111}.Debug|x86.Build.0 = Debug|Any CPU
		{11111111-1111-1111-1111-111111111111}.Release|Any CPU.ActiveCfg = Release|Any CPU
		{11111111-1111-1111-1111-111111111111}.Release|Any CPU.Build.0 = Release|Any CPU
		{11111111-1111-1111-1111-111111111111}.Release|x64.ActiveCfg = Release|Any CPU
		{11111111-1111-1111-1111-111111111111}.Release|x64.Build.0 = Release|Any CPU
		{11111111-1111-1111-1111-111111111111}.Release|x86.ActiveCfg = Release|Any CPU
		{11111111-1111-1111-1111-111111111111}.Release|x86.Build.0 = Release|Any CPU
		{22222222-2222-2222-2222-222222222222}.Debug|Any CPU.ActiveCfg = Debug|Any CPU
		{22222222-2222-2222-2222-222222222222}.Debug|Any CPU.Build.0 = Debug|Any CPU
		{22222222-2222-2222-2222-222222222222}.Debug|x64.ActiveCfg = Debug|Any CPU
		{22222222-2222-2222-2222-222222222222}.Debug|x64.Build.0 = Debug|Any CPU
		{22222222-2222-2222-2222-222222222222}.Debug|x86.ActiveCfg = Debug|Any CPU
		{22222222-2222-2222-2222-222222222222}.Debug|x86.Build.0 = Debug|Any CPU
		{22222222-2222-2222-2222-222222222222}.Release|Any CPU.ActiveCfg = Release|Any CPU
		{22222222-2222-2222-2222-222222222222}.Release|Any CPU.Build.0 = Release|Any CPU
		{22222222-2222-2222-2222-222222222222}.Release|x64.ActiveCfg = Release|Any CPU
		{22222222-2222-2222-2222-222222222222}.Release|x64.Build.0 = Release|Any CPU
		{22222222-2222-2222-2222-222222222222}.Release|x86.ActiveCfg = Release|Any CPU
		{22222222-2222-2222-2222-222222222222}.Release|x86.Build.0 = Release|Any CPU
		{33333333-3333-3333-3333-333333333333}.Debug|Any CPU.ActiveCfg = Debug|Any CPU
		{33333333-3333-3333-3333-333333333333}.Debug|Any CPU.Build.0 = Debug|Any CPU
		{33333333-3333-3333-3333-333333333333}.Debug|x64.ActiveCfg = Debug|Any CPU
		{33333333-3333-3333-3333-333333333333}.Debug|x64.Build.0 = Debug|Any CPU
		{33333333-3333-3333-3333-333333333333}.Debug|x86.ActiveCfg = Debug|Any CPU
		{33333333-3333-3333-3333-333333333333}.Debug|x86.Build.0 = Debug|Any CPU
		{33333333-3333-3333-3333-333333333333}.Release|Any CPU.ActiveCfg = Release|Any CPU
		{33333333-3333-3333-3333-333333333333}.Release|Any CPU.Build.0 = Release|Any CPU
		{33333333-3333-3333-3333-333333333333}.Release|x64.ActiveCfg = Release|Any CPU
		{33333333-3333-3333-3333-333333333333}.Release|x64.Build.0 = Release|Any CPU
		{33333333-3333-3333-3333-333333333333}.Release|x86.ActiveCfg = Release|Any CPU
		{33333333-3333-3333-3333-333333333333}.Release|x86.Build.0 = Release|Any CPU
		{44444444-4444-4444-4444-444444444444}.Debug|Any CPU.ActiveCfg = Debug|Any CPU
		{44444444-4444-4444-4444-444444444444}.Debug|Any CPU.Build.0 = Debug|Any CPU
		{44444444-4444-4444-4444-444444444444}.Debug|x64.ActiveCfg = Debug|Any CPU
		{44444444-4444-4444-4444-444444444444}.Debug|x64.Build.0 = Debug|Any CPU
		{44444444-4444-4444-4444-444444444444}.Debug|x86.ActiveCfg = Debug|Any CPU
		{44444444-4444-4444-4444-444444444444}.Debug|x86.Build.0 = Debug|Any CPU
		{44444444-4444-4444-4444-444444444444}.Release|Any CPU.ActiveCfg = Release|Any CPU
		{44444444-4444-4444-4444-444444444444}.Release|Any CPU.Build.0 = Release|Any CPU
		{44444444-4444-4444-4444-444444444444}.Release|x64.ActiveCfg = Release|Any CPU
		{44444444-4444-4444-4444-444444444444}.Release|x64.Build.0 = Release|Any CPU
		{44444444-4444-4444-4444-444444444444}.Release|x86.ActiveCfg = Release|Any CPU
		{44444444-4444-4444-4444-444444444444}.Release|x86.Build.0 = Release|Any CPU
		{55555555-5555-5555-5555-555555555555}.Debug|Any CPU.ActiveCfg = Debug|Any CPU
		{55555555-5555-5555-5555-555555555555}.Debug|Any CPU.Build.0 = Debug|Any CPU
		{55555555-5555-5555-5555-555555555555}.Debug|x64.ActiveCfg = Debug|Any CPU
		{55555555-5555-5555-5555-555555555555}.Debug|x64.Build.0 = Debug|Any CPU
		{55555555-5555-5555-5555-555555555555}.Debug|x86.ActiveCfg = Debug|Any CPU
		{55555555-5555-5555-5555-555555555555}.Debug|x86.Build.0 = Debug|Any CPU
		{55555555-5555-5555-5555-555555555555}.Release|Any CPU.ActiveCfg = Release|Any CPU
		{55555555-5555-5555-5555-555555555555}.Release|Any CPU.Build.0 = Release|Any CPU
		{55555555-5555-5555-5555-555555555555}.Release|x64.ActiveCfg = Release|Any CPU
		{55555555-5555-5555-5555-555555555555}.Release|x64.Build.0 = Release|Any CPU
		{55555555-5555-5555-5555-555555555555}.Release|x86.ActiveCfg = Release|Any CPU
		{55555555-5555-5555-5555-555555555555}.Release|x86.Build.0 = Release|Any CPU
		{66666666-6666-6666-6666-666666666666}.Debug|Any CPU.ActiveCfg = Debug|Any CPU
		{66666666-6666-6666-6666-666666666666}.Debug|Any CPU.Build.0 = Debug|Any CPU
		{66666666-6666-6666-6666-666666666666}.Debug|x64.ActiveCfg = Debug|Any CPU
		{66666666-6666-6666-6666-666666666666}.Debug|x64.Build.0 = Debug|Any CPU
		{66666666-6666-6666-6666-666666666666}.Debug|x86.ActiveCfg = Debug|Any CPU
		{66666666-6666-6666-6666-666666666666}.Debug|x86.Build.0 = Debug|Any CPU
		{66666666-6666-6666-6666-666666666666}.Release|Any CPU.ActiveCfg = Release|Any CPU
		{66666666-6666-6666-6666-666666666666}.Release|Any CPU.Build.0 = Release|Any CPU
		{66666666-6666-6666-6666-666666666666}.Release|x64.ActiveCfg = Release|Any CPU
		{66666666-6666-6666-6666-666666666666}.Release|x64.Build.0 = Release|Any CPU
		{66666666-6666-6666-6666-666666666666}.Release|x86.ActiveCfg = Release|Any CPU
		{66666666-6666-6666-6666-666666666666}.Release|x86.Build.0 = Release|Any CPU
		{95258BA7-2EEF-4082-A053-E7C54954385E}.Debug|Any CPU.ActiveCfg = Debug|Any CPU
		{95258BA7-2EEF-4082-A053-E7C54954385E}.Debug|Any CPU.Build.0 = Debug|Any CPU
		{95258BA7-2EEF-4082-A053-E7C54954385E}.Debug|x64.ActiveCfg = Debug|Any CPU
		{95258BA7-2EEF-4082-A053-E7C54954385E}.Debug|x64.Build.0 = Debug|Any CPU
		{95258BA7-2EEF-4082-A053-E7C54954385E}.Debug|x86.ActiveCfg = Debug|Any CPU
		{95258BA7-2EEF-4082-A053-E7C54954385E}.Debug|x86.Build.0 = Debug|Any CPU
		{95258BA7-2EEF-4082-A053-E7C54954385E}.Release|Any CPU.ActiveCfg = Release|Any CPU
		{95258BA7-2EEF-4082-A053-E7C54954385E}.Release|Any CPU.Build.0 = Release|Any CPU
		{95258BA7-2EEF-4082-A053-E7C54954385E}.Release|x64.ActiveCfg = Release|Any CPU
		{95258BA7-2EEF-4082-A053-E7C54954385E}.Release|x64.Build.0 = Release|Any CPU
		{95258BA7-2EEF-4082-A053-E7C54954385E}.Release|x86.ActiveCfg = Release|Any CPU
		{95258BA7-2EEF-4082-A053-E7C54954385E}.Release|x86.Build.0 = Release|Any CPU
		{D7E03C34-3203-4CE2-A5A7-E8096CC8D7A8}.Debug|Any CPU.ActiveCfg = Debug|Any CPU
		{D7E03C34-3203-4CE2-A5A7-E8096CC8D7A8}.Debug|Any CPU.Build.0 = Debug|Any CPU
		{D7E03C34-3203-4CE2-A5A7-E8096CC8D7A8}.Debug|x64.ActiveCfg = Debug|Any CPU
		{D7E03C34-3203-4CE2-A5A7-E8096CC8D7A8}.Debug|x64.Build.0 = Debug|Any CPU
		{D7E03C34-3203-4CE2-A5A7-E8096CC8D7A8}.Debug|x86.ActiveCfg = Debug|Any CPU
		{D7E03C34-3203-4CE2-A5A7-E8096CC8D7A8}.Debug|x86.Build.0 = Debug|Any CPU
		{D7E03C34-3203-4CE2-A5A7-E8096CC8D7A8}.Release|Any CPU.ActiveCfg = Release|Any CPU
		{D7E03C34-3203-4CE2-A5A7-E8096CC8D7A8}.Release|Any CPU.Build.0 = Release|Any CPU
		{D7E03C34-3203-4CE2-A5A7-E8096CC8D7A8}.Release|x64.ActiveCfg = Release|Any CPU
		{D7E03C34-3203-4CE2-A5A7-E8096CC8D7A8}.Release|x64.Build.0 = Release|Any CPU
		{D7E03C34-3203-4CE2-A5A7-E8096CC8D7A8}.Release|x86.ActiveCfg = Release|Any CPU
		{D7E03C34-3203-4CE2-A5A7-E8096CC8D7A8}.Release|x86.Build.0 = Release|Any CPU
		{BF1CA412-6783-4E0B-9836-7FB74E786FFE}.Debug|Any CPU.ActiveCfg = Debug|Any CPU
		{BF1CA412-6783-4E0B-9836-7FB74E786FFE}.Debug|Any CPU.Build.0 = Debug|Any CPU
		{BF1CA412-6783-4E0B-9836-7FB74E786FFE}.Debug|x64.ActiveCfg = Debug|Any CPU
		{BF1CA412-6783-4E0B-9836-7FB74E786FFE}.Debug|x64.Build.0 = Debug|Any CPU
		{BF1CA412-6783-4E0B-9836-7FB74E786FFE}.Debug|x86.ActiveCfg = Debug|Any CPU
		{BF1CA412-6783-4E0B-9836-7FB74E786FFE}.Debug|x86.Build.0 = Debug|Any CPU
		{BF1CA412-6783-4E0B-9836-7FB74E786FFE}.Release|Any CPU.ActiveCfg = Release|Any CPU
		{BF1CA412-6783-4E0B-9836-7FB74E786FFE}.Release|Any CPU.Build.0 = Release|Any CPU
		{BF1CA412-6783-4E0B-9836-7FB74E786FFE}.Release|x64.ActiveCfg = Release|Any CPU
		{BF1CA412-6783-4E0B-9836-7FB74E786FFE}.Release|x64.Build.0 = Release|Any CPU
		{BF1CA412-6783-4E0B-9836-7FB74E786FFE}.Release|x86.ActiveCfg = Release|Any CPU
		{BF1CA412-6783-4E0B-9836-7FB74E786FFE}.Release|x86.Build.0 = Release|Any CPU
		{3F9F84BC-0897-4483-9E9E-92C2AE02684E}.Debug|Any CPU.ActiveCfg = Debug|Any CPU
		{3F9F84BC-0897-4483-9E9E-92C2AE02684E}.Debug|Any CPU.Build.0 = Debug|Any CPU
		{3F9F84BC-0897-4483-9E9E-92C2AE02684E}.Debug|x64.ActiveCfg = Debug|Any CPU
		{3F9F84BC-0897-4483-9E9E-92C2AE02684E}.Debug|x64.Build.0 = Debug|Any CPU
		{3F9F84BC-0897-4483-9E9E-92C2AE02684E}.Debug|x86.ActiveCfg = Debug|Any CPU
		{3F9F84BC-0897-4483-9E9E-92C2AE02684E}.Debug|x86.Build.0 = Debug|Any CPU
		{3F9F84BC-0897-4483-9E9E-92C2AE02684E}.Release|Any CPU.ActiveCfg = Release|Any CPU
		{3F9F84BC-0897-4483-9E9E-92C2AE02684E}.Release|Any CPU.Build.0 = Release|Any CPU
		{3F9F84BC-0897-4483-9E9E-92C2AE02684E}.Release|x64.ActiveCfg = Release|Any CPU
		{3F9F84BC-0897-4483-9E9E-92C2AE02684E}.Release|x64.Build.0 = Release|Any CPU
		{3F9F84BC-0897-4483-9E9E-92C2AE02684E}.Release|x86.ActiveCfg = Release|Any CPU
		{3F9F84BC-0897-4483-9E9E-92C2AE02684E}.Release|x86.Build.0 = Release|Any CPU
		{F7954392-C33A-4872-AAC0-C9B00863B345}.Debug|Any CPU.ActiveCfg = Debug|Any CPU
		{F7954392-C33A-4872-AAC0-C9B00863B345}.Debug|Any CPU.Build.0 = Debug|Any CPU
		{F7954392-C33A-4872-AAC0-C9B00863B345}.Debug|x64.ActiveCfg = Debug|Any CPU
		{F7954392-C33A-4872-AAC0-C9B00863B345}.Debug|x64.Build.0 = Debug|Any CPU
		{F7954392-C33A-4872-AAC0-C9B00863B345}.Debug|x86.ActiveCfg = Debug|Any CPU
		{F7954392-C33A-4872-AAC0-C9B00863B345}.Debug|x86.Build.0 = Debug|Any CPU
		{F7954392-C33A-4872-AAC0-C9B00863B345}.Release|Any CPU.ActiveCfg = Release|Any CPU
		{F7954392-C33A-4872-AAC0-C9B00863B345}.Release|Any CPU.Build.0 = Release|Any CPU
		{F7954392-C33A-4872-AAC0-C9B00863B345}.Release|x64.ActiveCfg = Release|Any CPU
		{F7954392-C33A-4872-AAC0-C9B00863B345}.Release|x64.Build.0 = Release|Any CPU
		{F7954392-C33A-4872-AAC0-C9B00863B345}.Release|x86.ActiveCfg = Release|Any CPU
		{F7954392-C33A-4872-AAC0-C9B00863B345}.Release|x86.Build.0 = Release|Any CPU
	EndGlobalSection
	GlobalSection(SolutionProperties) = preSolution
		HideSolutionNode = FALSE
	EndGlobalSection
	GlobalSection(NestedProjects) = preSolution
		{95258BA7-2EEF-4082-A053-E7C54954385E} = {827E0CD3-B72D-47B6-A68D-7590B98EB39B}
		{D7E03C34-3203-4CE2-A5A7-E8096CC8D7A8} = {827E0CD3-B72D-47B6-A68D-7590B98EB39B}
		{BF1CA412-6783-4E0B-9836-7FB74E786FFE} = {0AB3BF05-4346-4AA6-1389-037BE0695223}
		{3F9F84BC-0897-4483-9E9E-92C2AE02684E} = {827E0CD3-B72D-47B6-A68D-7590B98EB39B}
		{F7954392-C33A-4872-AAC0-C9B00863B345} = {827E0CD3-B72D-47B6-A68D-7590B98EB39B}
	EndGlobalSection
EndGlobal
